
Microsoft Visual Studio Solution File, Format Version 12.00
# Visual Studio Version 17
VisualStudioVersion = 17.0.32014.148
MinimumVisualStudioVersion = 10.0.40219.1
Project("{FAE04EC0-301F-11D3-BF4B-00C04F79EFBC}") = "RevenueCalculator", "RevenuCalculator\RevenueCalculator.csproj", "{52AE6752-3FD4-4059-A5BD-27E3CF4B4C2E}"
EndProject
Global
	GlobalSection(SolutionConfigurationPlatforms) = preSolution
		Debug|Any CPU = Debug|Any CPU
		Release|Any CPU = Release|Any CPU
	EndGlobalSection
	GlobalSection(ProjectConfigurationPlatforms) = postSolution
		{52AE6752-3FD4-4059-A5BD-27E3CF4B4C2E}.Debug|Any CPU.ActiveCfg = Debug|Any CPU
		{52AE6752-3FD4-4059-A5BD-27E3CF4B4C2E}.Debug|Any CPU.Build.0 = Debug|Any CPU
		{52AE6752-3FD4-4059-A5BD-27E3CF4B4C2E}.Release|Any CPU.ActiveCfg = Release|Any CPU
		{52AE6752-3FD4-4059-A5BD-27E3CF4B4C2E}.Release|Any CPU.Build.0 = Release|Any CPU
	EndGlobalSection
	GlobalSection(SolutionProperties) = preSolution
		HideSolutionNode = FALSE
	EndGlobalSection
	GlobalSection(ExtensibilityGlobals) = postSolution
		SolutionGuid = {29735810-91BC-47AA-B25E-DCD0FC99A727}
	EndGlobalSection
EndGlobal
